{
  "nodes": {
    "flake-compat": {
      "flake": false,
      "locked": {
        "lastModified": 1696426674,
        "narHash": "sha256-kvjfFW7WAETZlt09AgDn1MrtKzP7t90Vf7vypd3OL1U=",
        "owner": "edolstra",
        "repo": "flake-compat",
        "rev": "0f9255e01c2351cc7d116c072cb317785dd33b33",
        "type": "github"
      },
      "original": {
        "owner": "edolstra",
        "repo": "flake-compat",
        "type": "github"
      }
    },
    "flake-utils": {
      "inputs": {
        "systems": "systems"
      },
      "locked": {
        "lastModified": 1726560853,
        "narHash": "sha256-X6rJYSESBVr3hBoH0WbKE5KvhPU5bloyZ2L4K60/fPQ=",
        "owner": "numtide",
        "repo": "flake-utils",
        "rev": "c1dfcf08411b08f6b8615f7d8971a2bfa81d5e8a",
        "type": "github"
      },
      "original": {
        "owner": "numtide",
        "repo": "flake-utils",
        "type": "github"
      }
    },
    "naersk": {
      "inputs": {
        "nixpkgs": [
          "nixpkgs-lint",
          "nixpkgs"
        ]
      },
      "locked": {
        "lastModified": 1721727458,
        "narHash": "sha256-r/xppY958gmZ4oTfLiHN0ZGuQ+RSTijDblVgVLFi1mw=",
        "owner": "nix-community",
        "repo": "naersk",
        "rev": "3fb418eaf352498f6b6c30592e3beb63df42ef11",
        "type": "github"
      },
      "original": {
        "owner": "nix-community",
        "ref": "master",
        "repo": "naersk",
        "type": "github"
      }
    },
    "nixpkgs": {
      "locked": {
        "lastModified": 1730200266,
        "narHash": "sha256-l253w0XMT8nWHGXuXqyiIC/bMvh1VRszGXgdpQlfhvU=",
        "owner": "NixOS",
        "repo": "nixpkgs",
        "rev": "807e9154dcb16384b1b765ebe9cd2bba2ac287fd",
        "type": "github"
      },
      "original": {
        "owner": "NixOS",
        "ref": "nixos-unstable",
        "repo": "nixpkgs",
        "type": "github"
      }
    },
    "nixpkgs-lint": {
      "inputs": {
        "flake-compat": "flake-compat",
        "naersk": "naersk",
        "nixpkgs": [
          "nixpkgs"
        ],
        "utils": "utils"
      },
      "locked": {
        "lastModified": 1727710045,
        "narHash": "sha256-h7juenVLuAxgIRdvhqq3aIm7F+rOM+SA9/Ep/3M4ygI=",
        "owner": "nix-community",
        "repo": "nixpkgs-lint",
        "rev": "5294bd0fe8a77cb79b5015503b1babb49032699d",
        "type": "github"
      },
      "original": {
        "owner": "nix-community",
        "repo": "nixpkgs-lint",
        "type": "github"
      }
    },
    "root": {
      "inputs": {
        "flake-utils": "flake-utils",
        "nixpkgs": "nixpkgs",
        "nixpkgs-lint": "nixpkgs-lint"
      }
    },
    "systems": {
      "locked": {
        "lastModified": 1681028828,
        "narHash": "sha256-Vy1rq5AaRuLzOxct8nz4T6wlgyUR7zLU309k9mBC768=",
        "owner": "nix-systems",
        "repo": "default",
        "rev": "da67096a3b9bf56a91d16901293e51ba5b49a27e",
        "type": "github"
      },
      "original": {
        "owner": "nix-systems",
        "repo": "default",
        "type": "github"
      }
    },
    "systems_2": {
      "locked": {
        "lastModified": 1681028828,
        "narHash": "sha256-Vy1rq5AaRuLzOxct8nz4T6wlgyUR7zLU309k9mBC768=",
        "owner": "nix-systems",
        "repo": "default",
        "rev": "da67096a3b9bf56a91d16901293e51ba5b49a27e",
        "type": "github"
      },
      "original": {
        "owner": "nix-systems",
        "repo": "default",
        "type": "github"
      }
    },
    "utils": {
      "inputs": {
        "systems": "systems_2"
      },
      "locked": {
        "lastModified": 1710146030,
        "narHash": "sha256-SZ5L6eA7HJ/nmkzGG7/ISclqe6oZdOZTNoesiInkXPQ=",
        "owner": "numtide",
        "repo": "flake-utils",
        "rev": "b1d9ab70662946ef0850d488da1c9019f3a9752a",
        "type": "github"
      },
      "original": {
        "owner": "numtide",
        "repo": "flake-utils",
        "type": "github"
      }
    }
  },
  "root": "root",
  "version": 7
}
