name: Update flake.lock

on:
  schedule:
    - cron: "30 0,6,12,18 * * *"

jobs:
  update-flake-lock:
    name: Update flake.lock
    runs-on: ubuntu-latest
    steps:
      - uses: actions/checkout@v4
        with:
          ref: main
          fetch-depth: 0

      - name: Install Nix
        uses: DeterminateSystems/nix-installer-action@v17

      - uses: DeterminateSystems/magic-nix-cache-action@v10

      - name: Update flake.lock
        uses: DeterminateSystems/update-flake-lock@v27
        with:
          pr-title: "chore(nix): update `flake.lock`"
          commit-msg: "chore(nix): update `flake.lock`"
