name: Update flake.lock

on:
  schedule:
    - cron: "30 0,6,12,18 * * *"

jobs:
  update-flake-lock:
    runs-on: ubuntu-latest

    steps:
      - uses: actions/checkout@v3
        with:
          ref: main
          fetch-depth: 0

      - name: Install Nix
        uses: cachix/install-nix-action@v17
        with:
          extra_nix_config: |
            access-tokens = github.com=${{ secrets.GITHUB_TOKEN }}

      - name: Setup git configuration
        run: |
          git config user.name actions
          git config user.email "actions@github.com"

      - name: Run nix-flake-update
        run: |
          echo "Updating flake lock file"
          changed=$(nix flake update 2>&1 | grep -v warning || echo "Nothing changed")

          git add flake.lock
          git commit -m "chore(nix): update \`flake.lock\`

          Input changes:

          $changed" || echo "No changes to commit"

          git push origin main

          echo "Nix flake lock updated:

          $changed"
